PODS:
  - ChuzzleKit (1.0.6)
  - PromiseKit/Promise (0.9.15.3)
  - PromiseKit/When (0.9.15.3):
    - PromiseKit/Promise
  - YOLOKit/base (11)
  - YOLOKit/flatten (11):
    - YOLOKit/base
  - YOLOKit/has (11):
    - YOLOKit/base
  - YOLOKit/join (11):
    - YOLOKit/base
    - YOLOKit/pluck
  - YOLOKit/last (11):
    - YOLOKit/base
    - YOLOKit/slice
  - YOLOKit/map (11):
    - YOLOKit/base
  - YOLOKit/pluck (11):
    - YOLOKit/base
  - YOLOKit/skip (11):
    - YOLOKit/base
    - YOLOKit/last
  - YOLOKit/slice (11):
    - YOLOKit/base
  - YOLOKit/split (11):
    - YOLOKit/base

DEPENDENCIES:
  - ChuzzleKit
  - PromiseKit/Promise
  - PromiseKit/When
  - YOLOKit/flatten
  - YOLOKit/has
  - YOLOKit/join
  - YOLOKit/map
  - YOLOKit/skip
  - YOLOKit/split

SPEC CHECKSUMS:
  ChuzzleKit: baeaabc3f09edbc56bbf776993afe7953286116f
  PromiseKit: 5ae80a1d3415e1a42fe6605e8c963b08852d0144
  YOLOKit: e83d381f83f33f2b66abf6fe0249fca57b05a541

COCOAPODS: 0.33.1
