// !$*UTF8*$!
{
	archiveVersion = 1;
	classes = {
	};
	objectVersion = 46;
	objects = {

/* Begin PBXBuildFile section */
		63243096182AA29200828D43 /* main.xib in Resources */ = {isa = PBXBuildFile; fileRef = 63243095182AA29200828D43 /* main.xib */; };
		63243098182AA4E400828D43 /* MMPane.xcassets in Resources */ = {isa = PBXBuildFile; fileRef = 63243097182AA4E400828D43 /* MMPane.xcassets */; };
		6324309B182AB24A00828D43 /* MMLED.m in Sources */ = {isa = PBXBuildFile; fileRef = 6324309A182AB24A00828D43 /* MMLED.m */; };
		6373DF22183C07CE00E866D1 /* MMCocoaPodsDiagnostic.m in Sources */ = {isa = PBXBuildFile; fileRef = 6373DF18183C07CE00E866D1 /* MMCocoaPodsDiagnostic.m */; };
		6373DF24183C07CE00E866D1 /* MMGitDiagnostic.m in Sources */ = {isa = PBXBuildFile; fileRef = 6373DF1A183C07CE00E866D1 /* MMGitDiagnostic.m */; };
		6373DF25183C07CE00E866D1 /* MMGitHubDiagnostic.m in Sources */ = {isa = PBXBuildFile; fileRef = 6373DF1B183C07CE00E866D1 /* MMGitHubDiagnostic.m */; };
		6373DF26183C07CE00E866D1 /* MMGitXDiagnostic.m in Sources */ = {isa = PBXBuildFile; fileRef = 6373DF1C183C07CE00E866D1 /* MMGitXDiagnostic.m */; };
		6373DF27183C07CE00E866D1 /* MMMavericksDiagnostic.m in Sources */ = {isa = PBXBuildFile; fileRef = 6373DF1D183C07CE00E866D1 /* MMMavericksDiagnostic.m */; };
		6373DF28183C07CE00E866D1 /* MMmmmmDiagnostic.m in Sources */ = {isa = PBXBuildFile; fileRef = 6373DF1E183C07CE00E866D1 /* MMmmmmDiagnostic.m */; };
		6373DF29183C07CE00E866D1 /* MMRubyDiagnostic.m in Sources */ = {isa = PBXBuildFile; fileRef = 6373DF1F183C07CE00E866D1 /* MMRubyDiagnostic.m */; };
		6373DF2A183C07CE00E866D1 /* MMTextMateDiagnostic.m in Sources */ = {isa = PBXBuildFile; fileRef = 6373DF20183C07CE00E866D1 /* MMTextMateDiagnostic.m */; };
		6373DF2B183C07CE00E866D1 /* MMXcodeDiagnostic.m in Sources */ = {isa = PBXBuildFile; fileRef = 6373DF21183C07CE00E866D1 /* MMXcodeDiagnostic.m */; };
		6393B9C5182AE96D005161BA /* NSString+MM.m in Sources */ = {isa = PBXBuildFile; fileRef = 6393B9C4182AE88D005161BA /* NSString+MM.m */; };
		6393B9D0182B1E6B005161BA /* MMSwitchView.m in Sources */ = {isa = PBXBuildFile; fileRef = 6393B9CF182B1E6B005161BA /* MMSwitchView.m */; };
		63C345E4182AA1EA00B3D152 /* main.m in Sources */ = {isa = PBXBuildFile; fileRef = 63C345E3182AA1EA00B3D152 /* main.m */; };
		6B5B2334AFCB43BC9575C582 /* libPods.a in Frameworks */ = {isa = PBXBuildFile; fileRef = 42F294050E1046B48493AE71 /* libPods.a */; };
/* End PBXBuildFile section */

/* Begin PBXFileReference section */
		2E6B379699C3478E98464018 /* Pods.xcconfig */ = {isa = PBXFileReference; includeInIndex = 1; lastKnownFileType = text.xcconfig; name = Pods.xcconfig; path = Pods/Pods.xcconfig; sourceTree = "<group>"; };
		42F294050E1046B48493AE71 /* libPods.a */ = {isa = PBXFileReference; explicitFileType = archive.ar; includeInIndex = 0; path = libPods.a; sourceTree = BUILT_PRODUCTS_DIR; };
		63243095182AA29200828D43 /* main.xib */ = {isa = PBXFileReference; fileEncoding = 4; lastKnownFileType = file.xib; path = main.xib; sourceTree = SOURCE_ROOT; };
		63243097182AA4E400828D43 /* MMPane.xcassets */ = {isa = PBXFileReference; lastKnownFileType = folder.assetcatalog; path = MMPane.xcassets; sourceTree = "<group>"; };
		63243099182AB0B000828D43 /* MMPane.prefPane */ = {isa = PBXFileReference; explicitFileType = wrapper.cfbundle; includeInIndex = 0; path = MMPane.prefPane; sourceTree = BUILT_PRODUCTS_DIR; };
		6324309A182AB24A00828D43 /* MMLED.m */ = {isa = PBXFileReference; fileEncoding = 4; lastKnownFileType = sourcecode.c.objc; path = MMLED.m; sourceTree = "<group>"; };
		6373DF18183C07CE00E866D1 /* MMCocoaPodsDiagnostic.m */ = {isa = PBXFileReference; fileEncoding = 4; lastKnownFileType = sourcecode.c.objc; name = MMCocoaPodsDiagnostic.m; path = diagnostics/MMCocoaPodsDiagnostic.m; sourceTree = "<group>"; };
		6373DF1A183C07CE00E866D1 /* MMGitDiagnostic.m */ = {isa = PBXFileReference; fileEncoding = 4; lastKnownFileType = sourcecode.c.objc; name = MMGitDiagnostic.m; path = diagnostics/MMGitDiagnostic.m; sourceTree = "<group>"; };
		6373DF1B183C07CE00E866D1 /* MMGitHubDiagnostic.m */ = {isa = PBXFileReference; fileEncoding = 4; lastKnownFileType = sourcecode.c.objc; name = MMGitHubDiagnostic.m; path = diagnostics/MMGitHubDiagnostic.m; sourceTree = "<group>"; };
		6373DF1C183C07CE00E866D1 /* MMGitXDiagnostic.m */ = {isa = PBXFileReference; fileEncoding = 4; lastKnownFileType = sourcecode.c.objc; name = MMGitXDiagnostic.m; path = diagnostics/MMGitXDiagnostic.m; sourceTree = "<group>"; };
		6373DF1D183C07CE00E866D1 /* MMMavericksDiagnostic.m */ = {isa = PBXFileReference; fileEncoding = 4; lastKnownFileType = sourcecode.c.objc; name = MMMavericksDiagnostic.m; path = diagnostics/MMMavericksDiagnostic.m; sourceTree = "<group>"; };
		6373DF1E183C07CE00E866D1 /* MMmmmmDiagnostic.m */ = {isa = PBXFileReference; fileEncoding = 4; lastKnownFileType = sourcecode.c.objc; name = MMmmmmDiagnostic.m; path = diagnostics/MMmmmmDiagnostic.m; sourceTree = "<group>"; };
		6373DF1F183C07CE00E866D1 /* MMRubyDiagnostic.m */ = {isa = PBXFileReference; fileEncoding = 4; lastKnownFileType = sourcecode.c.objc; name = MMRubyDiagnostic.m; path = diagnostics/MMRubyDiagnostic.m; sourceTree = "<group>"; };
		6373DF20183C07CE00E866D1 /* MMTextMateDiagnostic.m */ = {isa = PBXFileReference; fileEncoding = 4; lastKnownFileType = sourcecode.c.objc; name = MMTextMateDiagnostic.m; path = diagnostics/MMTextMateDiagnostic.m; sourceTree = "<group>"; };
		6373DF21183C07CE00E866D1 /* MMXcodeDiagnostic.m */ = {isa = PBXFileReference; fileEncoding = 4; lastKnownFileType = sourcecode.c.objc; name = MMXcodeDiagnostic.m; path = diagnostics/MMXcodeDiagnostic.m; sourceTree = "<group>"; };
		6393B9C4182AE88D005161BA /* NSString+MM.m */ = {isa = PBXFileReference; fileEncoding = 4; lastKnownFileType = sourcecode.c.objc; path = "NSString+MM.m"; sourceTree = "<group>"; };
		6393B9CF182B1E6B005161BA /* MMSwitchView.m */ = {isa = PBXFileReference; fileEncoding = 4; lastKnownFileType = sourcecode.c.objc; path = MMSwitchView.m; sourceTree = "<group>"; };
		63C345DD182AA1EA00B3D152 /* Info.plist */ = {isa = PBXFileReference; lastKnownFileType = text.plist.xml; path = Info.plist; sourceTree = SOURCE_ROOT; };
		63C345E2182AA1EA00B3D152 /* main.h */ = {isa = PBXFileReference; lastKnownFileType = sourcecode.c.h; path = main.h; sourceTree = SOURCE_ROOT; };
		63C345E3182AA1EA00B3D152 /* main.m */ = {isa = PBXFileReference; lastKnownFileType = sourcecode.c.objc; path = main.m; sourceTree = SOURCE_ROOT; };
/* End PBXFileReference section */

/* Begin PBXFrameworksBuildPhase section */
		DABA4B40BEDB41C5B907E7C4 /* Frameworks */ = {
			isa = PBXFrameworksBuildPhase;
			buildActionMask = 2147483647;
			files = (
				6B5B2334AFCB43BC9575C582 /* libPods.a in Frameworks */,
			);
			runOnlyForDeploymentPostprocessing = 0;
		};
/* End PBXFrameworksBuildPhase section */

/* Begin PBXGroup section */
		2A60A4C198134B79A5244A32 /* Pods */ = {
			isa = PBXGroup;
			children = (
				2E6B379699C3478E98464018 /* Pods.xcconfig */,
				42F294050E1046B48493AE71 /* libPods.a */,
			);
			name = Pods;
			sourceTree = "<group>";
		};
		6373DF2C183C07D600E866D1 /* Diagnostics */ = {
			isa = PBXGroup;
			children = (
				6373DF1D183C07CE00E866D1 /* MMMavericksDiagnostic.m */,
				6373DF21183C07CE00E866D1 /* MMXcodeDiagnostic.m */,
				6373DF1A183C07CE00E866D1 /* MMGitDiagnostic.m */,
				6373DF1C183C07CE00E866D1 /* MMGitXDiagnostic.m */,
				6373DF1B183C07CE00E866D1 /* MMGitHubDiagnostic.m */,
				6373DF1F183C07CE00E866D1 /* MMRubyDiagnostic.m */,
				6373DF18183C07CE00E866D1 /* MMCocoaPodsDiagnostic.m */,
				6373DF20183C07CE00E866D1 /* MMTextMateDiagnostic.m */,
				6373DF1E183C07CE00E866D1 /* MMmmmmDiagnostic.m */,
			);
			name = Diagnostics;
			sourceTree = "<group>";
		};
		63C345C5182AA1EA00B3D152 = {
			isa = PBXGroup;
			children = (
				63C345E2182AA1EA00B3D152 /* main.h */,
				63C345E3182AA1EA00B3D152 /* main.m */,
				63243095182AA29200828D43 /* main.xib */,
				6324309A182AB24A00828D43 /* MMLED.m */,
				6393B9CF182B1E6B005161BA /* MMSwitchView.m */,
				6393B9C4182AE88D005161BA /* NSString+MM.m */,
				6373DF2C183C07D600E866D1 /* Diagnostics */,
				63C345DD182AA1EA00B3D152 /* Info.plist */,
				63243099182AB0B000828D43 /* MMPane.prefPane */,
				63243097182AA4E400828D43 /* MMPane.xcassets */,
				2A60A4C198134B79A5244A32 /* Pods */,
			);
			sourceTree = "<group>";
		};
/* End PBXGroup section */

/* Begin PBXNativeTarget section */
		63C345CF182AA1EA00B3D152 /* MMPane */ = {
			isa = PBXNativeTarget;
			buildConfigurationList = 63C345EC182AA1EA00B3D152 /* Build configuration list for PBXNativeTarget "MMPane" */;
			buildPhases = (
				AEA3FF6E7F494F69A31CE619 /* Check Pods Manifest.lock */,
				63C345CA182AA1EA00B3D152 /* Sources */,
				63C345CD182AA1EA00B3D152 /* Resources */,
				6393B9CE182B0A9B005161BA /* ShellScript */,
				DABA4B40BEDB41C5B907E7C4 /* Frameworks */,
				9396AAD86C46499AAED3FD7F /* Copy Pods Resources */,
			);
			buildRules = (
			);
			dependencies = (
			);
			name = MMPane;
			productName = MMPane;
			productReference = 63243099182AB0B000828D43 /* MMPane.prefPane */;
			productType = "com.apple.product-type.bundle";
		};
/* End PBXNativeTarget section */

/* Begin PBXProject section */
		63C345C6182AA1EA00B3D152 /* Project object */ = {
			isa = PBXProject;
			attributes = {
				LastUpgradeCheck = 0500;
				ORGANIZATIONNAME = "Max Howell";
			};
			buildConfigurationList = 63C345C9182AA1EA00B3D152 /* Build configuration list for PBXProject "MMPane" */;
			compatibilityVersion = "Xcode 3.2";
			developmentRegion = English;
			hasScannedForEncodings = 0;
			knownRegions = (
				en,
				Base,
			);
			mainGroup = 63C345C5182AA1EA00B3D152;
			productRefGroup = 63C345C5182AA1EA00B3D152;
			projectDirPath = "";
			projectRoot = "";
			targets = (
				63C345CF182AA1EA00B3D152 /* MMPane */,
			);
		};
/* End PBXProject section */

/* Begin PBXResourcesBuildPhase section */
		63C345CD182AA1EA00B3D152 /* Resources */ = {
			isa = PBXResourcesBuildPhase;
			buildActionMask = 2147483647;
			files = (
				63243096182AA29200828D43 /* main.xib in Resources */,
				63243098182AA4E400828D43 /* MMPane.xcassets in Resources */,
			);
			runOnlyForDeploymentPostprocessing = 0;
		};
/* End PBXResourcesBuildPhase section */

/* Begin PBXShellScriptBuildPhase section */
		6393B9CE182B0A9B005161BA /* ShellScript */ = {
			isa = PBXShellScriptBuildPhase;
			buildActionMask = 2147483647;
			files = (
			);
			inputPaths = (
			);
			outputPaths = (
			);
			runOnlyForDeploymentPostprocessing = 0;
			shellPath = /bin/sh;
			shellScript = "cd $PROJECT_DIR/prefix && rsync -r . $BUILT_PRODUCTS_DIR/$UNLOCALIZED_RESOURCES_FOLDER_PATH/..";
		};
		9396AAD86C46499AAED3FD7F /* Copy Pods Resources */ = {
			isa = PBXShellScriptBuildPhase;
			buildActionMask = 2147483647;
			files = (
			);
			inputPaths = (
			);
			name = "Copy Pods Resources";
			outputPaths = (
			);
			runOnlyForDeploymentPostprocessing = 0;
			shellPath = /bin/sh;
			shellScript = "\"${SRCROOT}/Pods/Pods-resources.sh\"\n";
			showEnvVarsInLog = 0;
		};
		AEA3FF6E7F494F69A31CE619 /* Check Pods Manifest.lock */ = {
			isa = PBXShellScriptBuildPhase;
			buildActionMask = 2147483647;
			files = (
			);
			inputPaths = (
			);
			name = "Check Pods Manifest.lock";
			outputPaths = (
			);
			runOnlyForDeploymentPostprocessing = 0;
			shellPath = /bin/sh;
			shellScript = "diff \"${PODS_ROOT}/../Podfile.lock\" \"${PODS_ROOT}/Manifest.lock\" > /dev/null\nif [[ $? != 0 ]] ; then\n    cat << EOM\nerror: The sandbox is not in sync with the Podfile.lock. Run 'pod install' or update your CocoaPods installation.\nEOM\n    exit 1\nfi\n";
			showEnvVarsInLog = 0;
		};
/* End PBXShellScriptBuildPhase section */

/* Begin PBXSourcesBuildPhase section */
		63C345CA182AA1EA00B3D152 /* Sources */ = {
			isa = PBXSourcesBuildPhase;
			buildActionMask = 2147483647;
			files = (
				6373DF2B183C07CE00E866D1 /* MMXcodeDiagnostic.m in Sources */,
				6373DF26183C07CE00E866D1 /* MMGitXDiagnostic.m in Sources */,
				6393B9D0182B1E6B005161BA /* MMSwitchView.m in Sources */,
				6373DF29183C07CE00E866D1 /* MMRubyDiagnostic.m in Sources */,
				6373DF25183C07CE00E866D1 /* MMGitHubDiagnostic.m in Sources */,
				63C345E4182AA1EA00B3D152 /* main.m in Sources */,
				6373DF27183C07CE00E866D1 /* MMMavericksDiagnostic.m in Sources */,
				6324309B182AB24A00828D43 /* MMLED.m in Sources */,
				6373DF2A183C07CE00E866D1 /* MMTextMateDiagnostic.m in Sources */,
				6373DF24183C07CE00E866D1 /* MMGitDiagnostic.m in Sources */,
				6373DF22183C07CE00E866D1 /* MMCocoaPodsDiagnostic.m in Sources */,
				6393B9C5182AE96D005161BA /* NSString+MM.m in Sources */,
				6373DF28183C07CE00E866D1 /* MMmmmmDiagnostic.m in Sources */,
			);
			runOnlyForDeploymentPostprocessing = 0;
		};
/* End PBXSourcesBuildPhase section */

/* Begin XCBuildConfiguration section */
		63C345EA182AA1EA00B3D152 /* Debug */ = {
			isa = XCBuildConfiguration;
			buildSettings = {
				ALWAYS_SEARCH_USER_PATHS = NO;
				CLANG_CXX_LANGUAGE_STANDARD = "gnu++0x";
				CLANG_CXX_LIBRARY = "libc++";
				CLANG_ENABLE_OBJC_ARC = YES;
				CLANG_WARN_BOOL_CONVERSION = YES;
				CLANG_WARN_CONSTANT_CONVERSION = YES;
				CLANG_WARN_DIRECT_OBJC_ISA_USAGE = YES_ERROR;
				CLANG_WARN_EMPTY_BODY = YES;
				CLANG_WARN_ENUM_CONVERSION = YES;
				CLANG_WARN_INT_CONVERSION = YES;
				CLANG_WARN_OBJC_ROOT_CLASS = YES_ERROR;
				CLANG_WARN__DUPLICATE_METHOD_MATCH = YES;
				COPY_PHASE_STRIP = NO;
				GCC_C_LANGUAGE_STANDARD = gnu99;
				GCC_DYNAMIC_NO_PIC = NO;
				GCC_ENABLE_OBJC_EXCEPTIONS = YES;
				GCC_OPTIMIZATION_LEVEL = 0;
				GCC_PREPROCESSOR_DEFINITIONS = (
					"DEBUG=1",
					"$(inherited)",
				);
				GCC_SYMBOLS_PRIVATE_EXTERN = NO;
				GCC_WARN_64_TO_32_BIT_CONVERSION = YES;
				GCC_WARN_ABOUT_RETURN_TYPE = YES_ERROR;
				GCC_WARN_UNDECLARED_SELECTOR = YES;
				GCC_WARN_UNINITIALIZED_AUTOS = YES;
				GCC_WARN_UNUSED_FUNCTION = YES;
				GCC_WARN_UNUSED_VARIABLE = YES;
				MACOSX_DEPLOYMENT_TARGET = 10.6;
				ONLY_ACTIVE_ARCH = YES;
				SDKROOT = macosx;
			};
			name = Debug;
		};
		63C345EB182AA1EA00B3D152 /* Release */ = {
			isa = XCBuildConfiguration;
			buildSettings = {
				ALWAYS_SEARCH_USER_PATHS = NO;
				CLANG_CXX_LANGUAGE_STANDARD = "gnu++0x";
				CLANG_CXX_LIBRARY = "libc++";
				CLANG_ENABLE_OBJC_ARC = YES;
				CLANG_WARN_BOOL_CONVERSION = YES;
				CLANG_WARN_CONSTANT_CONVERSION = YES;
				CLANG_WARN_DIRECT_OBJC_ISA_USAGE = YES_ERROR;
				CLANG_WARN_EMPTY_BODY = YES;
				CLANG_WARN_ENUM_CONVERSION = YES;
				CLANG_WARN_INT_CONVERSION = YES;
				CLANG_WARN_OBJC_ROOT_CLASS = YES_ERROR;
				CLANG_WARN__DUPLICATE_METHOD_MATCH = YES;
				COPY_PHASE_STRIP = YES;
				DEBUG_INFORMATION_FORMAT = "dwarf-with-dsym";
				ENABLE_NS_ASSERTIONS = NO;
				GCC_C_LANGUAGE_STANDARD = gnu99;
				GCC_ENABLE_OBJC_EXCEPTIONS = YES;
				GCC_WARN_64_TO_32_BIT_CONVERSION = YES;
				GCC_WARN_ABOUT_RETURN_TYPE = YES_ERROR;
				GCC_WARN_UNDECLARED_SELECTOR = YES;
				GCC_WARN_UNINITIALIZED_AUTOS = YES;
				GCC_WARN_UNUSED_FUNCTION = YES;
				GCC_WARN_UNUSED_VARIABLE = YES;
				MACOSX_DEPLOYMENT_TARGET = 10.6;
				SDKROOT = macosx;
			};
			name = Release;
		};
		63C345ED182AA1EA00B3D152 /* Debug */ = {
			isa = XCBuildConfiguration;
			baseConfigurationReference = 2E6B379699C3478E98464018 /* Pods.xcconfig */;
			buildSettings = {
				CLANG_ENABLE_MODULES = YES;
				COMBINE_HIDPI_IMAGES = NO;
				GCC_PRECOMPILE_PREFIX_HEADER = YES;
				INFOPLIST_FILE = Info.plist;
				INSTALL_PATH = "$(HOME)/Library/PreferencePanes";
				OTHER_CFLAGS = (
					"-Wno-logical-op-parentheses",
					"$(inherited)",
				);
				PRODUCT_NAME = "$(TARGET_NAME)";
				WRAPPER_EXTENSION = prefPane;
			};
			name = Debug;
		};
		63C345EE182AA1EA00B3D152 /* Release */ = {
			isa = XCBuildConfiguration;
			baseConfigurationReference = 2E6B379699C3478E98464018 /* Pods.xcconfig */;
			buildSettings = {
				CLANG_ENABLE_MODULES = YES;
				COMBINE_HIDPI_IMAGES = NO;
				GCC_PRECOMPILE_PREFIX_HEADER = YES;
				INFOPLIST_FILE = Info.plist;
				INSTALL_PATH = "$(HOME)/Library/PreferencePanes";
				OTHER_CFLAGS = (
					"-Wno-logical-op-parentheses",
					"$(inherited)",
				);
				PRODUCT_NAME = "$(TARGET_NAME)";
				WRAPPER_EXTENSION = prefPane;
			};
			name = Release;
		};
/* End XCBuildConfiguration section */

/* Begin XCConfigurationList section */
		63C345C9182AA1EA00B3D152 /* Build configuration list for PBXProject "MMPane" */ = {
			isa = XCConfigurationList;
			buildConfigurations = (
				63C345EA182AA1EA00B3D152 /* Debug */,
				63C345EB182AA1EA00B3D152 /* Release */,
			);
			defaultConfigurationIsVisible = 0;
			defaultConfigurationName = Release;
		};
		63C345EC182AA1EA00B3D152 /* Build configuration list for PBXNativeTarget "MMPane" */ = {
			isa = XCConfigurationList;
			buildConfigurations = (
				63C345ED182AA1EA00B3D152 /* Debug */,
				63C345EE182AA1EA00B3D152 /* Release */,
			);
			defaultConfigurationIsVisible = 0;
			defaultConfigurationName = Release;
		};
/* End XCConfigurationList section */
	};
	rootObject = 63C345C6182AA1EA00B3D152 /* Project object */;
}
